
Microsoft Visual Studio Solution File, Format Version 11.00
# Visual Studio 2010
Project("{FAE04EC0-301F-11D3-BF4B-00C04F79EFBC}") = "MonoDroid", "MonoShowCase\MonoDroid.csproj", "{3FC713F3-AD7B-43DF-A1FA-123C398B3297}"
EndProject
Project("{FAE04EC0-301F-11D3-BF4B-00C04F79EFBC}") = "MonoWp7", "MonoWp7\MonoWp7.csproj", "{20D2A2EA-1B61-4382-A626-7704C8888006}"
EndProject
Global
	GlobalSection(SolutionConfigurationPlatforms) = preSolution
		Debug|Any CPU = Debug|Any CPU
		Release|Any CPU = Release|Any CPU
	EndGlobalSection
	GlobalSection(ProjectConfigurationPlatforms) = postSolution
		{3FC713F3-AD7B-43DF-A1FA-123C398B3297}.Debug|Any CPU.ActiveCfg = Debug|Any CPU
		{3FC713F3-AD7B-43DF-A1FA-123C398B3297}.Debug|Any CPU.Build.0 = Debug|Any CPU
		{3FC713F3-AD7B-43DF-A1FA-123C398B3297}.Debug|Any CPU.Deploy.0 = Debug|Any CPU
		{3FC713F3-AD7B-43DF-A1FA-123C398B3297}.Release|Any CPU.ActiveCfg = Release|Any CPU
		{3FC713F3-AD7B-43DF-A1FA-123C398B3297}.Release|Any CPU.Build.0 = Release|Any CPU
		{20D2A2EA-1B61-4382-A626-7704C8888006}.Debug|Any CPU.ActiveCfg = Debug|Any CPU
		{20D2A2EA-1B61-4382-A626-7704C8888006}.Debug|Any CPU.Build.0 = Debug|Any CPU
		{20D2A2EA-1B61-4382-A626-7704C8888006}.Debug|Any CPU.Deploy.0 = Debug|Any CPU
		{20D2A2EA-1B61-4382-A626-7704C8888006}.Release|Any CPU.ActiveCfg = Release|Any CPU
		{20D2A2EA-1B61-4382-A626-7704C8888006}.Release|Any CPU.Build.0 = Release|Any CPU
		{20D2A2EA-1B61-4382-A626-7704C8888006}.Release|Any CPU.Deploy.0 = Release|Any CPU
	EndGlobalSection
	GlobalSection(SolutionProperties) = preSolution
		HideSolutionNode = FALSE
	EndGlobalSection
	GlobalSection(MonoDevelopProperties) = preSolution
		StartupItem = MonoShowCase\MonoDroid.csproj
	EndGlobalSection
EndGlobal
